
Microsoft Visual Studio Solution File, Format Version 12.00
# Visual Studio Version 16
VisualStudioVersion = 16.0.30011.22
MinimumVisualStudioVersion = 10.0.40219.1
Project("{9A19103F-16F7-4668-BE54-9A1E7A4F7556}") = "HTMLstrip", "HTMLstrip\HTMLstrip.csproj", "{EB1891A6-9746-4A9C-9B8E-FB1652A8D5F1}"
EndProject
Project("{FAE04EC0-301F-11D3-BF4B-00C04F79EFBC}") = "ConsoleApp1", "ConsoleApp1\ConsoleApp1.csproj", "{0F021D13-4965-4877-B972-4479FA08B9C2}"
EndProject
Global
	GlobalSection(SolutionConfigurationPlatforms) = preSolution
		Debug|Any CPU = Debug|Any CPU
		Release|Any CPU = Release|Any CPU
	EndGlobalSection
	GlobalSection(ProjectConfigurationPlatforms) = postSolution
		{EB1891A6-9746-4A9C-9B8E-FB1652A8D5F1}.Debug|Any CPU.ActiveCfg = Debug|Any CPU
		{EB1891A6-9746-4A9C-9B8E-FB1652A8D5F1}.Debug|Any CPU.Build.0 = Debug|Any CPU
		{EB1891A6-9746-4A9C-9B8E-FB1652A8D5F1}.Release|Any CPU.ActiveCfg = Release|Any CPU
		{EB1891A6-9746-4A9C-9B8E-FB1652A8D5F1}.Release|Any CPU.Build.0 = Release|Any CPU
		{0F021D13-4965-4877-B972-4479FA08B9C2}.Debug|Any CPU.ActiveCfg = Debug|Any CPU
		{0F021D13-4965-4877-B972-4479FA08B9C2}.Debug|Any CPU.Build.0 = Debug|Any CPU
		{0F021D13-4965-4877-B972-4479FA08B9C2}.Release|Any CPU.ActiveCfg = Release|Any CPU
		{0F021D13-4965-4877-B972-4479FA08B9C2}.Release|Any CPU.Build.0 = Release|Any CPU
	EndGlobalSection
	GlobalSection(SolutionProperties) = preSolution
		HideSolutionNode = FALSE
	EndGlobalSection
	GlobalSection(ExtensibilityGlobals) = postSolution
		SolutionGuid = {2255F278-3E95-4EFA-BF77-97308F3470CF}
	EndGlobalSection
EndGlobal
